
Microsoft Visual Studio Solution File, Format Version 12.00
# Visual Studio 15
VisualStudioVersion = 15.0.27428.2002
MinimumVisualStudioVersion = 10.0.40219.1
Project("{FAE04EC0-301F-11D3-BF4B-00C04F79EFBC}") = "TicketTracker", "TicketTracker\TicketTracker.csproj", "{52808C6D-90E9-4BF0-A165-41C13C7269F7}"
EndProject
Global
	GlobalSection(SolutionConfigurationPlatforms) = preSolution
		Debug|Any CPU = Debug|Any CPU
		Release|Any CPU = Release|Any CPU
	EndGlobalSection
	GlobalSection(ProjectConfigurationPlatforms) = postSolution
		{52808C6D-90E9-4BF0-A165-41C13C7269F7}.Debug|Any CPU.ActiveCfg = Debug|Any CPU
		{52808C6D-90E9-4BF0-A165-41C13C7269F7}.Debug|Any CPU.Build.0 = Debug|Any CPU
		{52808C6D-90E9-4BF0-A165-41C13C7269F7}.Release|Any CPU.ActiveCfg = Release|Any CPU
		{52808C6D-90E9-4BF0-A165-41C13C7269F7}.Release|Any CPU.Build.0 = Release|Any CPU
	EndGlobalSection
	GlobalSection(SolutionProperties) = preSolution
		HideSolutionNode = FALSE
	EndGlobalSection
	GlobalSection(ExtensibilityGlobals) = postSolution
		SolutionGuid = {F93BCD7C-D726-4C87-A0CB-952FFB2D008F}
	EndGlobalSection
EndGlobal
