
Microsoft Visual Studio Solution File, Format Version 12.00
# Visual Studio 15
VisualStudioVersion = 15.0.28307.572
MinimumVisualStudioVersion = 10.0.40219.1
Project("{FAE04EC0-301F-11D3-BF4B-00C04F79EFBC}") = "AspnetCore2017", "AspnetCore2017\AspnetCore2017.csproj", "{8845B8A0-509C-4817-AE0B-805DD68A94A8}"
EndProject
Global
	GlobalSection(SolutionConfigurationPlatforms) = preSolution
		Debug|Any CPU = Debug|Any CPU
		Release|Any CPU = Release|Any CPU
	EndGlobalSection
	GlobalSection(ProjectConfigurationPlatforms) = postSolution
		{8845B8A0-509C-4817-AE0B-805DD68A94A8}.Debug|Any CPU.ActiveCfg = Debug|Any CPU
		{8845B8A0-509C-4817-AE0B-805DD68A94A8}.Debug|Any CPU.Build.0 = Debug|Any CPU
		{8845B8A0-509C-4817-AE0B-805DD68A94A8}.Release|Any CPU.ActiveCfg = Release|Any CPU
		{8845B8A0-509C-4817-AE0B-805DD68A94A8}.Release|Any CPU.Build.0 = Release|Any CPU
	EndGlobalSection
	GlobalSection(SolutionProperties) = preSolution
		HideSolutionNode = FALSE
	EndGlobalSection
	GlobalSection(ExtensibilityGlobals) = postSolution
		SolutionGuid = {B85A3051-BF00-4F5B-9F66-D76F25A3FED7}
	EndGlobalSection
EndGlobal
